// !$*UTF8*$!
{
	archiveVersion = 1;
	classes = {
	};
	objectVersion = 48;
	objects = {

/* Begin PBXBuildFile section */
		AD02848B1FF6411D007AF596 /* Assets.xcassets in Resources */ = {isa = PBXBuildFile; fileRef = AD02848A1FF6411D007AF596 /* Assets.xcassets */; };
		AD02848E1FF6411D007AF596 /* LaunchScreen.storyboard in Resources */ = {isa = PBXBuildFile; fileRef = AD02848C1FF6411D007AF596 /* LaunchScreen.storyboard */; };
		AD02849A1FF6421F007AF596 /* MyFileManager.swift in Sources */ = {isa = PBXBuildFile; fileRef = AD0284961FF6421F007AF596 /* MyFileManager.swift */; };
		AD02849B1FF6421F007AF596 /* MyPlayer.swift in Sources */ = {isa = PBXBuildFile; fileRef = AD0284971FF6421F007AF596 /* MyPlayer.swift */; };
		AD02849C1FF6421F007AF596 /* MyPlayerDelegate.swift in Sources */ = {isa = PBXBuildFile; fileRef = AD0284981FF6421F007AF596 /* MyPlayerDelegate.swift */; };
		AD02849D1FF6421F007AF596 /* README_MyPlayer.md in Resources */ = {isa = PBXBuildFile; fileRef = AD0284991FF6421F007AF596 /* README_MyPlayer.md */; };
		AD0284A11FF64231007AF596 /* String+extensions.swift in Sources */ = {isa = PBXBuildFile; fileRef = AD02849F1FF64231007AF596 /* String+extensions.swift */; };
		AD0284A21FF64231007AF596 /* UIView+extensions.swift in Sources */ = {isa = PBXBuildFile; fileRef = AD0284A01FF64231007AF596 /* UIView+extensions.swift */; };
		AD0284A71FF642AE007AF596 /* StartViewController.swift in Sources */ = {isa = PBXBuildFile; fileRef = AD0284A31FF642AE007AF596 /* StartViewController.swift */; };
		AD0284A81FF642AE007AF596 /* MyPlayViewController.swift in Sources */ = {isa = PBXBuildFile; fileRef = AD0284A41FF642AE007AF596 /* MyPlayViewController.swift */; };
		AD0284A91FF642AE007AF596 /* AppDelegate.swift in Sources */ = {isa = PBXBuildFile; fileRef = AD0284A51FF642AE007AF596 /* AppDelegate.swift */; };
		AD0284AA1FF642AE007AF596 /* ViewController.swift in Sources */ = {isa = PBXBuildFile; fileRef = AD0284A61FF642AE007AF596 /* ViewController.swift */; };
		AD0284B81FF642BC007AF596 /* 列表分割线@2x.png in Resources */ = {isa = PBXBuildFile; fileRef = AD0284B01FF642BC007AF596 /* 列表分割线@2x.png */; };
		AD0284B91FF642BC007AF596 /* 返回_黑色.png in Resources */ = {isa = PBXBuildFile; fileRef = AD0284B11FF642BC007AF596 /* 返回_黑色.png */; };
		AD0284BB1FF642BC007AF596 /* README.md in Resources */ = {isa = PBXBuildFile; fileRef = AD0284B41FF642BC007AF596 /* README.md */; };
		ADE636D21FFF5696006EF76F /* Foundation.framework in Frameworks */ = {isa = PBXBuildFile; fileRef = ADE636D01FFF5696006EF76F /* Foundation.framework */; };
		ADE636D31FFF5696006EF76F /* AVFoundation.framework in Frameworks */ = {isa = PBXBuildFile; fileRef = ADE636D11FFF5696006EF76F /* AVFoundation.framework */; };
		ADE636D91FFF655E006EF76F /* MyPlayerCommonFile.swift in Sources */ = {isa = PBXBuildFile; fileRef = ADE636D81FFF655E006EF76F /* MyPlayerCommonFile.swift */; };
		ADFD6FA12003133B0093A896 /* ResourceLoaderManager.m in Sources */ = {isa = PBXBuildFile; fileRef = ADFD6FA02003133B0093A896 /* ResourceLoaderManager.m */; };
/* End PBXBuildFile section */

/* Begin PBXFileReference section */
		AD0284801FF6411D007AF596 /* MyPlayer.app */ = {isa = PBXFileReference; explicitFileType = wrapper.application; includeInIndex = 0; path = MyPlayer.app; sourceTree = BUILT_PRODUCTS_DIR; };
		AD02848A1FF6411D007AF596 /* Assets.xcassets */ = {isa = PBXFileReference; lastKnownFileType = folder.assetcatalog; path = Assets.xcassets; sourceTree = "<group>"; };
		AD02848D1FF6411D007AF596 /* Base */ = {isa = PBXFileReference; lastKnownFileType = file.storyboard; name = Base; path = Base.lproj/LaunchScreen.storyboard; sourceTree = "<group>"; };
		AD02848F1FF6411D007AF596 /* Info.plist */ = {isa = PBXFileReference; lastKnownFileType = text.plist.xml; path = Info.plist; sourceTree = "<group>"; };
		AD0284961FF6421F007AF596 /* MyFileManager.swift */ = {isa = PBXFileReference; fileEncoding = 4; lastKnownFileType = sourcecode.swift; path = MyFileManager.swift; sourceTree = "<group>"; };
		AD0284971FF6421F007AF596 /* MyPlayer.swift */ = {isa = PBXFileReference; fileEncoding = 4; lastKnownFileType = sourcecode.swift; path = MyPlayer.swift; sourceTree = "<group>"; };
		AD0284981FF6421F007AF596 /* MyPlayerDelegate.swift */ = {isa = PBXFileReference; fileEncoding = 4; lastKnownFileType = sourcecode.swift; path = MyPlayerDelegate.swift; sourceTree = "<group>"; };
		AD0284991FF6421F007AF596 /* README_MyPlayer.md */ = {isa = PBXFileReference; fileEncoding = 4; lastKnownFileType = net.daringfireball.markdown; path = README_MyPlayer.md; sourceTree = "<group>"; };
		AD02849F1FF64231007AF596 /* String+extensions.swift */ = {isa = PBXFileReference; fileEncoding = 4; lastKnownFileType = sourcecode.swift; path = "String+extensions.swift"; sourceTree = "<group>"; };
		AD0284A01FF64231007AF596 /* UIView+extensions.swift */ = {isa = PBXFileReference; fileEncoding = 4; lastKnownFileType = sourcecode.swift; path = "UIView+extensions.swift"; sourceTree = "<group>"; };
		AD0284A31FF642AE007AF596 /* StartViewController.swift */ = {isa = PBXFileReference; fileEncoding = 4; lastKnownFileType = sourcecode.swift; path = StartViewController.swift; sourceTree = "<group>"; };
		AD0284A41FF642AE007AF596 /* MyPlayViewController.swift */ = {isa = PBXFileReference; fileEncoding = 4; lastKnownFileType = sourcecode.swift; path = MyPlayViewController.swift; sourceTree = "<group>"; };
		AD0284A51FF642AE007AF596 /* AppDelegate.swift */ = {isa = PBXFileReference; fileEncoding = 4; lastKnownFileType = sourcecode.swift; path = AppDelegate.swift; sourceTree = "<group>"; };
		AD0284A61FF642AE007AF596 /* ViewController.swift */ = {isa = PBXFileReference; fileEncoding = 4; lastKnownFileType = sourcecode.swift; path = ViewController.swift; sourceTree = "<group>"; };
		AD0284B01FF642BC007AF596 /* 列表分割线@2x.png */ = {isa = PBXFileReference; lastKnownFileType = image.png; path = "列表分割线@2x.png"; sourceTree = "<group>"; };
		AD0284B11FF642BC007AF596 /* 返回_黑色.png */ = {isa = PBXFileReference; lastKnownFileType = image.png; path = "返回_黑色.png"; sourceTree = "<group>"; };
		AD0284B41FF642BC007AF596 /* README.md */ = {isa = PBXFileReference; fileEncoding = 4; lastKnownFileType = net.daringfireball.markdown; path = README.md; sourceTree = "<group>"; };
		AD0284B51FF642BC007AF596 /* Swift-Bridge-OC.h */ = {isa = PBXFileReference; fileEncoding = 4; lastKnownFileType = sourcecode.c.h; path = "Swift-Bridge-OC.h"; sourceTree = "<group>"; };
		ADE636D01FFF5696006EF76F /* Foundation.framework */ = {isa = PBXFileReference; lastKnownFileType = wrapper.framework; name = Foundation.framework; path = System/Library/Frameworks/Foundation.framework; sourceTree = SDKROOT; };
		ADE636D11FFF5696006EF76F /* AVFoundation.framework */ = {isa = PBXFileReference; lastKnownFileType = wrapper.framework; name = AVFoundation.framework; path = System/Library/Frameworks/AVFoundation.framework; sourceTree = SDKROOT; };
		ADE636D81FFF655E006EF76F /* MyPlayerCommonFile.swift */ = {isa = PBXFileReference; lastKnownFileType = sourcecode.swift; path = MyPlayerCommonFile.swift; sourceTree = "<group>"; };
		ADFD6F9F2003133A0093A896 /* ResourceLoaderManager.h */ = {isa = PBXFileReference; fileEncoding = 4; lastKnownFileType = sourcecode.c.h; path = ResourceLoaderManager.h; sourceTree = "<group>"; };
		ADFD6FA02003133B0093A896 /* ResourceLoaderManager.m */ = {isa = PBXFileReference; fileEncoding = 4; lastKnownFileType = sourcecode.c.objc; path = ResourceLoaderManager.m; sourceTree = "<group>"; };
/* End PBXFileReference section */

/* Begin PBXFrameworksBuildPhase section */
		AD02847D1FF6411D007AF596 /* Frameworks */ = {
			isa = PBXFrameworksBuildPhase;
			buildActionMask = 2147483647;
			files = (
				ADE636D21FFF5696006EF76F /* Foundation.framework in Frameworks */,
				ADE636D31FFF5696006EF76F /* AVFoundation.framework in Frameworks */,
			);
			runOnlyForDeploymentPostprocessing = 0;
		};
/* End PBXFrameworksBuildPhase section */

/* Begin PBXGroup section */
		AD0284771FF6411D007AF596 = {
			isa = PBXGroup;
			children = (
				AD0284821FF6411D007AF596 /* MyPlayer */,
				AD0284811FF6411D007AF596 /* Products */,
				ADE636CF1FFF5695006EF76F /* Frameworks */,
			);
			sourceTree = "<group>";
		};
		AD0284811FF6411D007AF596 /* Products */ = {
			isa = PBXGroup;
			children = (
				AD0284801FF6411D007AF596 /* MyPlayer.app */,
			);
			name = Products;
			sourceTree = "<group>";
		};
		AD0284821FF6411D007AF596 /* MyPlayer */ = {
			isa = PBXGroup;
			children = (
				AD0284A51FF642AE007AF596 /* AppDelegate.swift */,
				AD0284A41FF642AE007AF596 /* MyPlayViewController.swift */,
				AD0284A31FF642AE007AF596 /* StartViewController.swift */,
				AD0284A61FF642AE007AF596 /* ViewController.swift */,
				AD0284951FF6421F007AF596 /* player */,
				AD02849E1FF64231007AF596 /* extensions */,
				AD02848A1FF6411D007AF596 /* Assets.xcassets */,
				AD0284AB1FF642BC007AF596 /* supports */,
			);
			path = MyPlayer;
			sourceTree = "<group>";
		};
		AD0284951FF6421F007AF596 /* player */ = {
			isa = PBXGroup;
			children = (
				ADFD6F9E200313240093A896 /* OC */,
				AD0284961FF6421F007AF596 /* MyFileManager.swift */,
				AD0284971FF6421F007AF596 /* MyPlayer.swift */,
				AD0284981FF6421F007AF596 /* MyPlayerDelegate.swift */,
				AD0284991FF6421F007AF596 /* README_MyPlayer.md */,
			);
			path = player;
			sourceTree = "<group>";
		};
		AD02849E1FF64231007AF596 /* extensions */ = {
			isa = PBXGroup;
			children = (
				AD02849F1FF64231007AF596 /* String+extensions.swift */,
				AD0284A01FF64231007AF596 /* UIView+extensions.swift */,
			);
			path = extensions;
			sourceTree = "<group>";
		};
		AD0284AB1FF642BC007AF596 /* supports */ = {
			isa = PBXGroup;
			children = (
				AD0284AF1FF642BC007AF596 /* images */,
				AD02848C1FF6411D007AF596 /* LaunchScreen.storyboard */,
				AD02848F1FF6411D007AF596 /* Info.plist */,
				AD0284B41FF642BC007AF596 /* README.md */,
				ADE636D81FFF655E006EF76F /* MyPlayerCommonFile.swift */,
				AD0284B51FF642BC007AF596 /* Swift-Bridge-OC.h */,
			);
			path = supports;
			sourceTree = "<group>";
		};
		AD0284AF1FF642BC007AF596 /* images */ = {
			isa = PBXGroup;
			children = (
				AD0284B01FF642BC007AF596 /* 列表分割线@2x.png */,
				AD0284B11FF642BC007AF596 /* 返回_黑色.png */,
			);
			path = images;
			sourceTree = "<group>";
		};
		ADE636CF1FFF5695006EF76F /* Frameworks */ = {
			isa = PBXGroup;
			children = (
				ADE636D11FFF5696006EF76F /* AVFoundation.framework */,
				ADE636D01FFF5696006EF76F /* Foundation.framework */,
			);
			name = Frameworks;
			sourceTree = "<group>";
		};
		ADFD6F9E200313240093A896 /* OC */ = {
			isa = PBXGroup;
			children = (
				ADFD6F9F2003133A0093A896 /* ResourceLoaderManager.h */,
				ADFD6FA02003133B0093A896 /* ResourceLoaderManager.m */,
			);
			name = OC;
			path = MyPlayer/OC;
			sourceTree = SOURCE_ROOT;
		};
/* End PBXGroup section */

/* Begin PBXNativeTarget section */
		AD02847F1FF6411D007AF596 /* MyPlayer */ = {
			isa = PBXNativeTarget;
			buildConfigurationList = AD0284921FF6411D007AF596 /* Build configuration list for PBXNativeTarget "MyPlayer" */;
			buildPhases = (
				AD02847C1FF6411D007AF596 /* Sources */,
				AD02847D1FF6411D007AF596 /* Frameworks */,
				AD02847E1FF6411D007AF596 /* Resources */,
			);
			buildRules = (
			);
			dependencies = (
			);
			name = MyPlayer;
			productName = MyPlayer;
			productReference = AD0284801FF6411D007AF596 /* MyPlayer.app */;
			productType = "com.apple.product-type.application";
		};
/* End PBXNativeTarget section */

/* Begin PBXProject section */
		AD0284781FF6411D007AF596 /* Project object */ = {
			isa = PBXProject;
			attributes = {
				LastSwiftUpdateCheck = 0920;
				LastUpgradeCheck = 0920;
				ORGANIZATIONNAME = mustard;
				TargetAttributes = {
					AD02847F1FF6411D007AF596 = {
						CreatedOnToolsVersion = 9.2;
						ProvisioningStyle = Automatic;
					};
				};
			};
			buildConfigurationList = AD02847B1FF6411D007AF596 /* Build configuration list for PBXProject "MyPlayer" */;
			compatibilityVersion = "Xcode 8.0";
			developmentRegion = en;
			hasScannedForEncodings = 0;
			knownRegions = (
				en,
				Base,
			);
			mainGroup = AD0284771FF6411D007AF596;
			productRefGroup = AD0284811FF6411D007AF596 /* Products */;
			projectDirPath = "";
			projectRoot = "";
			targets = (
				AD02847F1FF6411D007AF596 /* MyPlayer */,
			);
		};
/* End PBXProject section */

/* Begin PBXResourcesBuildPhase section */
		AD02847E1FF6411D007AF596 /* Resources */ = {
			isa = PBXResourcesBuildPhase;
			buildActionMask = 2147483647;
			files = (
				AD02848E1FF6411D007AF596 /* LaunchScreen.storyboard in Resources */,
				AD0284B91FF642BC007AF596 /* 返回_黑色.png in Resources */,
				AD02849D1FF6421F007AF596 /* README_MyPlayer.md in Resources */,
				AD0284BB1FF642BC007AF596 /* README.md in Resources */,
				AD02848B1FF6411D007AF596 /* Assets.xcassets in Resources */,
				AD0284B81FF642BC007AF596 /* 列表分割线@2x.png in Resources */,
			);
			runOnlyForDeploymentPostprocessing = 0;
		};
/* End PBXResourcesBuildPhase section */

/* Begin PBXSourcesBuildPhase section */
		AD02847C1FF6411D007AF596 /* Sources */ = {
			isa = PBXSourcesBuildPhase;
			buildActionMask = 2147483647;
			files = (
				AD0284A91FF642AE007AF596 /* AppDelegate.swift in Sources */,
				AD0284A21FF64231007AF596 /* UIView+extensions.swift in Sources */,
				AD02849B1FF6421F007AF596 /* MyPlayer.swift in Sources */,
				ADE636D91FFF655E006EF76F /* MyPlayerCommonFile.swift in Sources */,
				AD0284AA1FF642AE007AF596 /* ViewController.swift in Sources */,
				AD02849A1FF6421F007AF596 /* MyFileManager.swift in Sources */,
				ADFD6FA12003133B0093A896 /* ResourceLoaderManager.m in Sources */,
				AD0284A81FF642AE007AF596 /* MyPlayViewController.swift in Sources */,
				AD02849C1FF6421F007AF596 /* MyPlayerDelegate.swift in Sources */,
				AD0284A11FF64231007AF596 /* String+extensions.swift in Sources */,
				AD0284A71FF642AE007AF596 /* StartViewController.swift in Sources */,
			);
			runOnlyForDeploymentPostprocessing = 0;
		};
/* End PBXSourcesBuildPhase section */

/* Begin PBXVariantGroup section */
		AD02848C1FF6411D007AF596 /* LaunchScreen.storyboard */ = {
			isa = PBXVariantGroup;
			children = (
				AD02848D1FF6411D007AF596 /* Base */,
			);
			name = LaunchScreen.storyboard;
			sourceTree = "<group>";
		};
/* End PBXVariantGroup section */

/* Begin XCBuildConfiguration section */
		AD0284901FF6411D007AF596 /* Debug */ = {
			isa = XCBuildConfiguration;
			buildSettings = {
				ALWAYS_SEARCH_USER_PATHS = NO;
				CLANG_ANALYZER_NONNULL = YES;
				CLANG_ANALYZER_NUMBER_OBJECT_CONVERSION = YES_AGGRESSIVE;
				CLANG_CXX_LANGUAGE_STANDARD = "gnu++14";
				CLANG_CXX_LIBRARY = "libc++";
				CLANG_ENABLE_MODULES = YES;
				CLANG_ENABLE_OBJC_ARC = YES;
				CLANG_WARN_BLOCK_CAPTURE_AUTORELEASING = YES;
				CLANG_WARN_BOOL_CONVERSION = YES;
				CLANG_WARN_COMMA = YES;
				CLANG_WARN_CONSTANT_CONVERSION = YES;
				CLANG_WARN_DIRECT_OBJC_ISA_USAGE = YES_ERROR;
				CLANG_WARN_DOCUMENTATION_COMMENTS = YES;
				CLANG_WARN_EMPTY_BODY = YES;
				CLANG_WARN_ENUM_CONVERSION = YES;
				CLANG_WARN_INFINITE_RECURSION = YES;
				CLANG_WARN_INT_CONVERSION = YES;
				CLANG_WARN_NON_LITERAL_NULL_CONVERSION = YES;
				CLANG_WARN_OBJC_LITERAL_CONVERSION = YES;
				CLANG_WARN_OBJC_ROOT_CLASS = YES_ERROR;
				CLANG_WARN_RANGE_LOOP_ANALYSIS = YES;
				CLANG_WARN_STRICT_PROTOTYPES = YES;
				CLANG_WARN_SUSPICIOUS_MOVE = YES;
				CLANG_WARN_UNGUARDED_AVAILABILITY = YES_AGGRESSIVE;
				CLANG_WARN_UNREACHABLE_CODE = YES;
				CLANG_WARN__DUPLICATE_METHOD_MATCH = YES;
				CODE_SIGN_IDENTITY = "iPhone Developer";
				COPY_PHASE_STRIP = NO;
				DEBUG_INFORMATION_FORMAT = dwarf;
				ENABLE_STRICT_OBJC_MSGSEND = YES;
				ENABLE_TESTABILITY = YES;
				GCC_C_LANGUAGE_STANDARD = gnu11;
				GCC_DYNAMIC_NO_PIC = NO;
				GCC_NO_COMMON_BLOCKS = YES;
				GCC_OPTIMIZATION_LEVEL = 0;
				GCC_PREPROCESSOR_DEFINITIONS = (
					"DEBUG=1",
					"$(inherited)",
				);
				GCC_WARN_64_TO_32_BIT_CONVERSION = YES;
				GCC_WARN_ABOUT_RETURN_TYPE = YES_ERROR;
				GCC_WARN_UNDECLARED_SELECTOR = YES;
				GCC_WARN_UNINITIALIZED_AUTOS = YES_AGGRESSIVE;
				GCC_WARN_UNUSED_FUNCTION = YES;
				GCC_WARN_UNUSED_VARIABLE = YES;
				IPHONEOS_DEPLOYMENT_TARGET = 11.2;
				MTL_ENABLE_DEBUG_INFO = YES;
				ONLY_ACTIVE_ARCH = YES;
				SDKROOT = iphoneos;
				SWIFT_ACTIVE_COMPILATION_CONDITIONS = DEBUG;
				SWIFT_OPTIMIZATION_LEVEL = "-Onone";
			};
			name = Debug;
		};
		AD0284911FF6411D007AF596 /* Release */ = {
			isa = XCBuildConfiguration;
			buildSettings = {
				ALWAYS_SEARCH_USER_PATHS = NO;
				CLANG_ANALYZER_NONNULL = YES;
				CLANG_ANALYZER_NUMBER_OBJECT_CONVERSION = YES_AGGRESSIVE;
				CLANG_CXX_LANGUAGE_STANDARD = "gnu++14";
				CLANG_CXX_LIBRARY = "libc++";
				CLANG_ENABLE_MODULES = YES;
				CLANG_ENABLE_OBJC_ARC = YES;
				CLANG_WARN_BLOCK_CAPTURE_AUTORELEASING = YES;
				CLANG_WARN_BOOL_CONVERSION = YES;
				CLANG_WARN_COMMA = YES;
				CLANG_WARN_CONSTANT_CONVERSION = YES;
				CLANG_WARN_DIRECT_OBJC_ISA_USAGE = YES_ERROR;
				CLANG_WARN_DOCUMENTATION_COMMENTS = YES;
				CLANG_WARN_EMPTY_BODY = YES;
				CLANG_WARN_ENUM_CONVERSION = YES;
				CLANG_WARN_INFINITE_RECURSION = YES;
				CLANG_WARN_INT_CONVERSION = YES;
				CLANG_WARN_NON_LITERAL_NULL_CONVERSION = YES;
				CLANG_WARN_OBJC_LITERAL_CONVERSION = YES;
				CLANG_WARN_OBJC_ROOT_CLASS = YES_ERROR;
				CLANG_WARN_RANGE_LOOP_ANALYSIS = YES;
				CLANG_WARN_STRICT_PROTOTYPES = YES;
				CLANG_WARN_SUSPICIOUS_MOVE = YES;
				CLANG_WARN_UNGUARDED_AVAILABILITY = YES_AGGRESSIVE;
				CLANG_WARN_UNREACHABLE_CODE = YES;
				CLANG_WARN__DUPLICATE_METHOD_MATCH = YES;
				CODE_SIGN_IDENTITY = "iPhone Developer";
				COPY_PHASE_STRIP = NO;
				DEBUG_INFORMATION_FORMAT = "dwarf-with-dsym";
				ENABLE_NS_ASSERTIONS = NO;
				ENABLE_STRICT_OBJC_MSGSEND = YES;
				GCC_C_LANGUAGE_STANDARD = gnu11;
				GCC_NO_COMMON_BLOCKS = YES;
				GCC_WARN_64_TO_32_BIT_CONVERSION = YES;
				GCC_WARN_ABOUT_RETURN_TYPE = YES_ERROR;
				GCC_WARN_UNDECLARED_SELECTOR = YES;
				GCC_WARN_UNINITIALIZED_AUTOS = YES_AGGRESSIVE;
				GCC_WARN_UNUSED_FUNCTION = YES;
				GCC_WARN_UNUSED_VARIABLE = YES;
				IPHONEOS_DEPLOYMENT_TARGET = 11.2;
				MTL_ENABLE_DEBUG_INFO = NO;
				SDKROOT = iphoneos;
				SWIFT_OPTIMIZATION_LEVEL = "-Owholemodule";
				VALIDATE_PRODUCT = YES;
			};
			name = Release;
		};
		AD0284931FF6411D007AF596 /* Debug */ = {
			isa = XCBuildConfiguration;
			buildSettings = {
				ASSETCATALOG_COMPILER_APPICON_NAME = AppIcon;
				CODE_SIGN_STYLE = Automatic;
				DEVELOPMENT_TEAM = "";
				INFOPLIST_FILE = MyPlayer/supports/Info.plist;
				IPHONEOS_DEPLOYMENT_TARGET = 9.0;
				LD_RUNPATH_SEARCH_PATHS = "$(inherited) @executable_path/Frameworks";
				PRODUCT_BUNDLE_IDENTIFIER = walker.MyPlayer;
				PRODUCT_NAME = "$(TARGET_NAME)";
				SWIFT_OBJC_BRIDGING_HEADER = "MyPlayer/supports/Swift-Bridge-OC.h";
				SWIFT_VERSION = 4.0;
				TARGETED_DEVICE_FAMILY = "1,2";
			};
			name = Debug;
		};
		AD0284941FF6411D007AF596 /* Release */ = {
			isa = XCBuildConfiguration;
			buildSettings = {
				ASSETCATALOG_COMPILER_APPICON_NAME = AppIcon;
				CODE_SIGN_STYLE = Automatic;
				DEVELOPMENT_TEAM = "";
				INFOPLIST_FILE = MyPlayer/supports/Info.plist;
				IPHONEOS_DEPLOYMENT_TARGET = 9.0;
				LD_RUNPATH_SEARCH_PATHS = "$(inherited) @executable_path/Frameworks";
				PRODUCT_BUNDLE_IDENTIFIER = walker.MyPlayer;
				PRODUCT_NAME = "$(TARGET_NAME)";
				SWIFT_OBJC_BRIDGING_HEADER = "MyPlayer/supports/Swift-Bridge-OC.h";
				SWIFT_VERSION = 4.0;
				TARGETED_DEVICE_FAMILY = "1,2";
			};
			name = Release;
		};
/* End XCBuildConfiguration section */

/* Begin XCConfigurationList section */
		AD02847B1FF6411D007AF596 /* Build configuration list for PBXProject "MyPlayer" */ = {
			isa = XCConfigurationList;
			buildConfigurations = (
				AD0284901FF6411D007AF596 /* Debug */,
				AD0284911FF6411D007AF596 /* Release */,
			);
			defaultConfigurationIsVisible = 0;
			defaultConfigurationName = Release;
		};
		AD0284921FF6411D007AF596 /* Build configuration list for PBXNativeTarget "MyPlayer" */ = {
			isa = XCConfigurationList;
			buildConfigurations = (
				AD0284931FF6411D007AF596 /* Debug */,
				AD0284941FF6411D007AF596 /* Release */,
			);
			defaultConfigurationIsVisible = 0;
			defaultConfigurationName = Release;
		};
/* End XCConfigurationList section */
	};
	rootObject = AD0284781FF6411D007AF596 /* Project object */;
}
